
Microsoft Visual Studio Solution File, Format Version 12.00
# Visual Studio Version 16
VisualStudioVersion = 16.0.30804.86
MinimumVisualStudioVersion = 10.0.40219.1
Project("{FAE04EC0-301F-11D3-BF4B-00C04F79EFBC}") = "Cosmostars", "Cosmostars\Cosmostars.csproj", "{D56C83B0-31CD-4FD6-9E8C-4863653AA8C6}"
EndProject
Global
	GlobalSection(SolutionConfigurationPlatforms) = preSolution
		Debug|Any CPU = Debug|Any CPU
		Release|Any CPU = Release|Any CPU
	EndGlobalSection
	GlobalSection(ProjectConfigurationPlatforms) = postSolution
		{D56C83B0-31CD-4FD6-9E8C-4863653AA8C6}.Debug|Any CPU.ActiveCfg = Debug|Any CPU
		{D56C83B0-31CD-4FD6-9E8C-4863653AA8C6}.Debug|Any CPU.Build.0 = Debug|Any CPU
		{D56C83B0-31CD-4FD6-9E8C-4863653AA8C6}.Release|Any CPU.ActiveCfg = Release|Any CPU
		{D56C83B0-31CD-4FD6-9E8C-4863653AA8C6}.Release|Any CPU.Build.0 = Release|Any CPU
	EndGlobalSection
	GlobalSection(SolutionProperties) = preSolution
		HideSolutionNode = FALSE
	EndGlobalSection
	GlobalSection(ExtensibilityGlobals) = postSolution
		SolutionGuid = {59195A4F-C7C1-4FBB-97CD-9BC49EA97441}
	EndGlobalSection
EndGlobal
